// !$*UTF8*$!
{
	archiveVersion = 1;
	classes = {
	};
	objectVersion = 77;
	objects = {

/* Begin PBXBuildFile section */
		004F069F7E531F135698277F /* CameraManager.swift in Sources */ = {isa = PBXBuildFile; fileRef = 2A53E8DA2C0B87AF664D9539 /* CameraManager.swift */; };
		02107D3CD1999FA5E3017686 /* Assets.xcassets in Resources */ = {isa = PBXBuildFile; fileRef = C0073E15D1599344841ED04B /* Assets.xcassets */; };
		0299EECA1CBF2065A6CCC71E /* Models.swift in Sources */ = {isa = PBXBuildFile; fileRef = C0783C0E006EB3A8A9B3EE2A /* Models.swift */; };
		126003ED97E537216305079C /* ProfileViewModel.swift in Sources */ = {isa = PBXBuildFile; fileRef = 0BEAC2319F77721EB503D5D5 /* ProfileViewModel.swift */; };
		15C0F4CFAED2BAC45067E2C1 /* MuseumViewModel.swift in Sources */ = {isa = PBXBuildFile; fileRef = C7E11E02BFF9414CDC67E85E /* MuseumViewModel.swift */; };
		196A9713E8EB2E9AE2105825 /* ContentView.swift in Sources */ = {isa = PBXBuildFile; fileRef = 0472EEDE61FDF36A0425FB2D /* ContentView.swift */; };
		19CF045A414F6917825F0540 /* DesignSystem.swift in Sources */ = {isa = PBXBuildFile; fileRef = 706F9F31AB90BF552EB349CF /* DesignSystem.swift */; };
		1AE6FF22FDF1AEA1FD9630C5 /* MapTabView.swift in Sources */ = {isa = PBXBuildFile; fileRef = 590121D4FC7CE3979FD23268 /* MapTabView.swift */; };
		1CA8A85729262C9DA75F614F /* CameraView.swift in Sources */ = {isa = PBXBuildFile; fileRef = 907C21D4FA5A3A50E32560D9 /* CameraView.swift */; };
		452582D659955B9F9D91720B /* MuseumGuideTests.swift in Sources */ = {isa = PBXBuildFile; fileRef = A0B80E25A070983660013509 /* MuseumGuideTests.swift */; };
		5973F2E6BA760DB4523C7460 /* MapViewModel.swift in Sources */ = {isa = PBXBuildFile; fileRef = 9DAF9B333AB57CF5556A02C7 /* MapViewModel.swift */; };
		5F342B6BF7579FC5548D0D37 /* APIClient.swift in Sources */ = {isa = PBXBuildFile; fileRef = E8214F064B98117ACCC504F9 /* APIClient.swift */; };
		698773627718BB97C59B2A7C /* ChatViewModel.swift in Sources */ = {isa = PBXBuildFile; fileRef = 3CDA1C84CEF5ACB50AB55453 /* ChatViewModel.swift */; };
		76D1FC31CB24B208402F4C92 /* ProfileView.swift in Sources */ = {isa = PBXBuildFile; fileRef = 4E31C41FFE747C15D9BD83A1 /* ProfileView.swift */; };
		77099E7D2BD53C987FABD585 /* DTOs.swift in Sources */ = {isa = PBXBuildFile; fileRef = 1549B4AD8499B291DF897DEB /* DTOs.swift */; };
		863FC8C531A6BCBC12057224 /* NarrationViewModel.swift in Sources */ = {isa = PBXBuildFile; fileRef = 30981D475722BF7E4D95160E /* NarrationViewModel.swift */; };
		922FE86047443C10B200943B /* ChatView.swift in Sources */ = {isa = PBXBuildFile; fileRef = 6AD8867E52E53C7AB7080853 /* ChatView.swift */; };
		C086E63D28984FAA107F39EA /* ExploreTabView.swift in Sources */ = {isa = PBXBuildFile; fileRef = 462315614905E1189AB77F26 /* ExploreTabView.swift */; };
		C5AC54CF08FE44DFFF53EC4F /* NarrationView.swift in Sources */ = {isa = PBXBuildFile; fileRef = 6418F75C3E965E5C8B6899CF /* NarrationView.swift */; };
		DC361336C8613DC64C76A184 /* AudioService.swift in Sources */ = {isa = PBXBuildFile; fileRef = C66611C4E1A364AFB9C85274 /* AudioService.swift */; };
		E2FE72009E18B17C523CCA8F /* RecognitionViewModel.swift in Sources */ = {isa = PBXBuildFile; fileRef = 819021020A8720570A7BC05A /* RecognitionViewModel.swift */; };
		EB3DE3C5F4FE6EF3BE3A3354 /* MuseumGuideApp.swift in Sources */ = {isa = PBXBuildFile; fileRef = 71D6ACF756CFFFBBA673AB03 /* MuseumGuideApp.swift */; };
		F82EE0E6F16274465A94604C /* LocationManager.swift in Sources */ = {isa = PBXBuildFile; fileRef = B05520373980700BFD806061 /* LocationManager.swift */; };
/* End PBXBuildFile section */

/* Begin PBXContainerItemProxy section */
		6CB50AA406CBDF886AE44671 /* PBXContainerItemProxy */ = {
			isa = PBXContainerItemProxy;
			containerPortal = A5B6A7E45C36409690AB086B /* Project object */;
			proxyType = 1;
			remoteGlobalIDString = AEBA7D58DF69A40EB35738B5;
			remoteInfo = MuseumGuide;
		};
/* End PBXContainerItemProxy section */

/* Begin PBXFileReference section */
		0472EEDE61FDF36A0425FB2D /* ContentView.swift */ = {isa = PBXFileReference; lastKnownFileType = sourcecode.swift; path = ContentView.swift; sourceTree = "<group>"; };
		0BEAC2319F77721EB503D5D5 /* ProfileViewModel.swift */ = {isa = PBXFileReference; lastKnownFileType = sourcecode.swift; path = ProfileViewModel.swift; sourceTree = "<group>"; };
		1549B4AD8499B291DF897DEB /* DTOs.swift */ = {isa = PBXFileReference; lastKnownFileType = sourcecode.swift; path = DTOs.swift; sourceTree = "<group>"; };
		2A53E8DA2C0B87AF664D9539 /* CameraManager.swift */ = {isa = PBXFileReference; lastKnownFileType = sourcecode.swift; path = CameraManager.swift; sourceTree = "<group>"; };
		30981D475722BF7E4D95160E /* NarrationViewModel.swift */ = {isa = PBXFileReference; lastKnownFileType = sourcecode.swift; path = NarrationViewModel.swift; sourceTree = "<group>"; };
		3CDA1C84CEF5ACB50AB55453 /* ChatViewModel.swift */ = {isa = PBXFileReference; lastKnownFileType = sourcecode.swift; path = ChatViewModel.swift; sourceTree = "<group>"; };
		462315614905E1189AB77F26 /* ExploreTabView.swift */ = {isa = PBXFileReference; lastKnownFileType = sourcecode.swift; path = ExploreTabView.swift; sourceTree = "<group>"; };
		4E31C41FFE747C15D9BD83A1 /* ProfileView.swift */ = {isa = PBXFileReference; lastKnownFileType = sourcecode.swift; path = ProfileView.swift; sourceTree = "<group>"; };
		590121D4FC7CE3979FD23268 /* MapTabView.swift */ = {isa = PBXFileReference; lastKnownFileType = sourcecode.swift; path = MapTabView.swift; sourceTree = "<group>"; };
		6418F75C3E965E5C8B6899CF /* NarrationView.swift */ = {isa = PBXFileReference; lastKnownFileType = sourcecode.swift; path = NarrationView.swift; sourceTree = "<group>"; };
		6AD8867E52E53C7AB7080853 /* ChatView.swift */ = {isa = PBXFileReference; lastKnownFileType = sourcecode.swift; path = ChatView.swift; sourceTree = "<group>"; };
		706F9F31AB90BF552EB349CF /* DesignSystem.swift */ = {isa = PBXFileReference; lastKnownFileType = sourcecode.swift; path = DesignSystem.swift; sourceTree = "<group>"; };
		71D6ACF756CFFFBBA673AB03 /* MuseumGuideApp.swift */ = {isa = PBXFileReference; lastKnownFileType = sourcecode.swift; path = MuseumGuideApp.swift; sourceTree = "<group>"; };
		819021020A8720570A7BC05A /* RecognitionViewModel.swift */ = {isa = PBXFileReference; lastKnownFileType = sourcecode.swift; path = RecognitionViewModel.swift; sourceTree = "<group>"; };
		86244ACC383DE33E56FD871C /* Info.plist */ = {isa = PBXFileReference; lastKnownFileType = text.plist; path = Info.plist; sourceTree = "<group>"; };
		907C21D4FA5A3A50E32560D9 /* CameraView.swift */ = {isa = PBXFileReference; lastKnownFileType = sourcecode.swift; path = CameraView.swift; sourceTree = "<group>"; };
		9DAF9B333AB57CF5556A02C7 /* MapViewModel.swift */ = {isa = PBXFileReference; lastKnownFileType = sourcecode.swift; path = MapViewModel.swift; sourceTree = "<group>"; };
		A0B80E25A070983660013509 /* MuseumGuideTests.swift */ = {isa = PBXFileReference; lastKnownFileType = sourcecode.swift; path = MuseumGuideTests.swift; sourceTree = "<group>"; };
		B05520373980700BFD806061 /* LocationManager.swift */ = {isa = PBXFileReference; lastKnownFileType = sourcecode.swift; path = LocationManager.swift; sourceTree = "<group>"; };
		C0073E15D1599344841ED04B /* Assets.xcassets */ = {isa = PBXFileReference; lastKnownFileType = folder.assetcatalog; path = Assets.xcassets; sourceTree = "<group>"; };
		C0783C0E006EB3A8A9B3EE2A /* Models.swift */ = {isa = PBXFileReference; lastKnownFileType = sourcecode.swift; path = Models.swift; sourceTree = "<group>"; };
		C66611C4E1A364AFB9C85274 /* AudioService.swift */ = {isa = PBXFileReference; lastKnownFileType = sourcecode.swift; path = AudioService.swift; sourceTree = "<group>"; };
		C7E11E02BFF9414CDC67E85E /* MuseumViewModel.swift */ = {isa = PBXFileReference; lastKnownFileType = sourcecode.swift; path = MuseumViewModel.swift; sourceTree = "<group>"; };
		E5FC81519307D29EE47D9FC8 /* MuseumGuide.app */ = {isa = PBXFileReference; includeInIndex = 0; lastKnownFileType = wrapper.application; path = MuseumGuide.app; sourceTree = BUILT_PRODUCTS_DIR; };
		E8214F064B98117ACCC504F9 /* APIClient.swift */ = {isa = PBXFileReference; lastKnownFileType = sourcecode.swift; path = APIClient.swift; sourceTree = "<group>"; };
		FE8913D8FF9673CF3194C35F /* MuseumGuideTests.xctest */ = {isa = PBXFileReference; includeInIndex = 0; lastKnownFileType = wrapper.cfbundle; path = MuseumGuideTests.xctest; sourceTree = BUILT_PRODUCTS_DIR; };
/* End PBXFileReference section */

/* Begin PBXGroup section */
		0102BEB966F17264E302312F /* DesignSystem */ = {
			isa = PBXGroup;
			children = (
				706F9F31AB90BF552EB349CF /* DesignSystem.swift */,
			);
			path = DesignSystem;
			sourceTree = "<group>";
		};
		192CA79DBF5BA14A2189987F /* MuseumGuide */ = {
			isa = PBXGroup;
			children = (
				C0073E15D1599344841ED04B /* Assets.xcassets */,
				0472EEDE61FDF36A0425FB2D /* ContentView.swift */,
				71D6ACF756CFFFBBA673AB03 /* MuseumGuideApp.swift */,
				0102BEB966F17264E302312F /* DesignSystem */,
				B67431C7F523E08EF4F5FCCD /* Models */,
				D7AF3A444CD8B03DB4922D0E /* Services */,
				7931BCA592ABB8057952A6F9 /* ViewModels */,
				E21EE4A244376BCA2EFEB6BB /* Views */,
			);
			path = MuseumGuide;
			sourceTree = "<group>";
		};
		223A372E11330FC814DEE8F9 /* MuseumGuide */ = {
			isa = PBXGroup;
			children = (
				86244ACC383DE33E56FD871C /* Info.plist */,
				192CA79DBF5BA14A2189987F /* MuseumGuide */,
			);
			path = MuseumGuide;
			sourceTree = "<group>";
		};
		328C8DAC1C2910FB3E99F2FC /* MuseumGuideTests */ = {
			isa = PBXGroup;
			children = (
				A0B80E25A070983660013509 /* MuseumGuideTests.swift */,
			);
			path = MuseumGuideTests;
			sourceTree = "<group>";
		};
		50FA23EF3A06ACCD6C08C420 /* Explore */ = {
			isa = PBXGroup;
			children = (
				462315614905E1189AB77F26 /* ExploreTabView.swift */,
			);
			path = Explore;
			sourceTree = "<group>";
		};
		5D6AB609B0B11D2F393121BF /* Map */ = {
			isa = PBXGroup;
			children = (
				590121D4FC7CE3979FD23268 /* MapTabView.swift */,
			);
			path = Map;
			sourceTree = "<group>";
		};
		6C2F2F7CB469FAB2FDD3400F /* Narration */ = {
			isa = PBXGroup;
			children = (
				6418F75C3E965E5C8B6899CF /* NarrationView.swift */,
			);
			path = Narration;
			sourceTree = "<group>";
		};
		7931BCA592ABB8057952A6F9 /* ViewModels */ = {
			isa = PBXGroup;
			children = (
				3CDA1C84CEF5ACB50AB55453 /* ChatViewModel.swift */,
				9DAF9B333AB57CF5556A02C7 /* MapViewModel.swift */,
				C7E11E02BFF9414CDC67E85E /* MuseumViewModel.swift */,
				30981D475722BF7E4D95160E /* NarrationViewModel.swift */,
				0BEAC2319F77721EB503D5D5 /* ProfileViewModel.swift */,
				819021020A8720570A7BC05A /* RecognitionViewModel.swift */,
			);
			path = ViewModels;
			sourceTree = "<group>";
		};
		83AE6A6C71355251948C5606 /* Products */ = {
			isa = PBXGroup;
			children = (
				E5FC81519307D29EE47D9FC8 /* MuseumGuide.app */,
				FE8913D8FF9673CF3194C35F /* MuseumGuideTests.xctest */,
			);
			name = Products;
			sourceTree = "<group>";
		};
		8B3B6F869A71F2762C2F1BFB /* Camera */ = {
			isa = PBXGroup;
			children = (
				907C21D4FA5A3A50E32560D9 /* CameraView.swift */,
			);
			path = Camera;
			sourceTree = "<group>";
		};
		9D3BAD239087C16D40214697 /* Profile */ = {
			isa = PBXGroup;
			children = (
				4E31C41FFE747C15D9BD83A1 /* ProfileView.swift */,
			);
			path = Profile;
			sourceTree = "<group>";
		};
		A34297FFDB6553D284F930F0 = {
			isa = PBXGroup;
			children = (
				223A372E11330FC814DEE8F9 /* MuseumGuide */,
				328C8DAC1C2910FB3E99F2FC /* MuseumGuideTests */,
				83AE6A6C71355251948C5606 /* Products */,
			);
			sourceTree = "<group>";
		};
		B67431C7F523E08EF4F5FCCD /* Models */ = {
			isa = PBXGroup;
			children = (
				1549B4AD8499B291DF897DEB /* DTOs.swift */,
				C0783C0E006EB3A8A9B3EE2A /* Models.swift */,
			);
			path = Models;
			sourceTree = "<group>";
		};
		C78143BC5EB112259B8A35CA /* Chat */ = {
			isa = PBXGroup;
			children = (
				6AD8867E52E53C7AB7080853 /* ChatView.swift */,
			);
			path = Chat;
			sourceTree = "<group>";
		};
		D7AF3A444CD8B03DB4922D0E /* Services */ = {
			isa = PBXGroup;
			children = (
				E8214F064B98117ACCC504F9 /* APIClient.swift */,
				C66611C4E1A364AFB9C85274 /* AudioService.swift */,
				2A53E8DA2C0B87AF664D9539 /* CameraManager.swift */,
				B05520373980700BFD806061 /* LocationManager.swift */,
			);
			path = Services;
			sourceTree = "<group>";
		};
		E21EE4A244376BCA2EFEB6BB /* Views */ = {
			isa = PBXGroup;
			children = (
				8B3B6F869A71F2762C2F1BFB /* Camera */,
				C78143BC5EB112259B8A35CA /* Chat */,
				50FA23EF3A06ACCD6C08C420 /* Explore */,
				5D6AB609B0B11D2F393121BF /* Map */,
				6C2F2F7CB469FAB2FDD3400F /* Narration */,
				9D3BAD239087C16D40214697 /* Profile */,
			);
			path = Views;
			sourceTree = "<group>";
		};
/* End PBXGroup section */

/* Begin PBXNativeTarget section */
		567F690F1E555A9A9B3B503B /* MuseumGuideTests */ = {
			isa = PBXNativeTarget;
			buildConfigurationList = 3EE650FCBE012350FD0D260B /* Build configuration list for PBXNativeTarget "MuseumGuideTests" */;
			buildPhases = (
				75AD4DD20DB2A86148D6C1B9 /* Sources */,
			);
			buildRules = (
			);
			dependencies = (
				D6FF8EA45AF60E1497C98EDA /* PBXTargetDependency */,
			);
			name = MuseumGuideTests;
			packageProductDependencies = (
			);
			productName = MuseumGuideTests;
			productReference = FE8913D8FF9673CF3194C35F /* MuseumGuideTests.xctest */;
			productType = "com.apple.product-type.bundle.unit-test";
		};
		AEBA7D58DF69A40EB35738B5 /* MuseumGuide */ = {
			isa = PBXNativeTarget;
			buildConfigurationList = 8D5505A03BB4EA75F43920A6 /* Build configuration list for PBXNativeTarget "MuseumGuide" */;
			buildPhases = (
				11BF1B14E8C48C85FE4019D6 /* Sources */,
				19C92A44D7CFE78294B77116 /* Resources */,
			);
			buildRules = (
			);
			dependencies = (
			);
			name = MuseumGuide;
			packageProductDependencies = (
			);
			productName = MuseumGuide;
			productReference = E5FC81519307D29EE47D9FC8 /* MuseumGuide.app */;
			productType = "com.apple.product-type.application";
		};
/* End PBXNativeTarget section */

/* Begin PBXProject section */
		A5B6A7E45C36409690AB086B /* Project object */ = {
			isa = PBXProject;
			attributes = {
				BuildIndependentTargetsInParallel = YES;
				LastUpgradeCheck = 1430;
				TargetAttributes = {
					567F690F1E555A9A9B3B503B = {
						DevelopmentTeam = "";
						ProvisioningStyle = Automatic;
					};
					AEBA7D58DF69A40EB35738B5 = {
						DevelopmentTeam = "";
						ProvisioningStyle = Automatic;
					};
				};
			};
			buildConfigurationList = 7C105C0ECF62C6078FCD23A8 /* Build configuration list for PBXProject "MuseumGuide" */;
			developmentRegion = en;
			hasScannedForEncodings = 0;
			knownRegions = (
				Base,
				en,
			);
			mainGroup = A34297FFDB6553D284F930F0;
			minimizedProjectReferenceProxies = 1;
			preferredProjectObjectVersion = 77;
			productRefGroup = 83AE6A6C71355251948C5606 /* Products */;
			projectDirPath = "";
			projectRoot = "";
			targets = (
				AEBA7D58DF69A40EB35738B5 /* MuseumGuide */,
				567F690F1E555A9A9B3B503B /* MuseumGuideTests */,
			);
		};
/* End PBXProject section */

/* Begin PBXResourcesBuildPhase section */
		19C92A44D7CFE78294B77116 /* Resources */ = {
			isa = PBXResourcesBuildPhase;
			buildActionMask = 2147483647;
			files = (
				02107D3CD1999FA5E3017686 /* Assets.xcassets in Resources */,
			);
			runOnlyForDeploymentPostprocessing = 0;
		};
/* End PBXResourcesBuildPhase section */

/* Begin PBXSourcesBuildPhase section */
		11BF1B14E8C48C85FE4019D6 /* Sources */ = {
			isa = PBXSourcesBuildPhase;
			buildActionMask = 2147483647;
			files = (
				5F342B6BF7579FC5548D0D37 /* APIClient.swift in Sources */,
				DC361336C8613DC64C76A184 /* AudioService.swift in Sources */,
				004F069F7E531F135698277F /* CameraManager.swift in Sources */,
				1CA8A85729262C9DA75F614F /* CameraView.swift in Sources */,
				922FE86047443C10B200943B /* ChatView.swift in Sources */,
				698773627718BB97C59B2A7C /* ChatViewModel.swift in Sources */,
				196A9713E8EB2E9AE2105825 /* ContentView.swift in Sources */,
				77099E7D2BD53C987FABD585 /* DTOs.swift in Sources */,
				19CF045A414F6917825F0540 /* DesignSystem.swift in Sources */,
				C086E63D28984FAA107F39EA /* ExploreTabView.swift in Sources */,
				F82EE0E6F16274465A94604C /* LocationManager.swift in Sources */,
				1AE6FF22FDF1AEA1FD9630C5 /* MapTabView.swift in Sources */,
				5973F2E6BA760DB4523C7460 /* MapViewModel.swift in Sources */,
				0299EECA1CBF2065A6CCC71E /* Models.swift in Sources */,
				EB3DE3C5F4FE6EF3BE3A3354 /* MuseumGuideApp.swift in Sources */,
				15C0F4CFAED2BAC45067E2C1 /* MuseumViewModel.swift in Sources */,
				C5AC54CF08FE44DFFF53EC4F /* NarrationView.swift in Sources */,
				863FC8C531A6BCBC12057224 /* NarrationViewModel.swift in Sources */,
				76D1FC31CB24B208402F4C92 /* ProfileView.swift in Sources */,
				126003ED97E537216305079C /* ProfileViewModel.swift in Sources */,
				E2FE72009E18B17C523CCA8F /* RecognitionViewModel.swift in Sources */,
			);
			runOnlyForDeploymentPostprocessing = 0;
		};
		75AD4DD20DB2A86148D6C1B9 /* Sources */ = {
			isa = PBXSourcesBuildPhase;
			buildActionMask = 2147483647;
			files = (
				452582D659955B9F9D91720B /* MuseumGuideTests.swift in Sources */,
			);
			runOnlyForDeploymentPostprocessing = 0;
		};
/* End PBXSourcesBuildPhase section */

/* Begin PBXTargetDependency section */
		D6FF8EA45AF60E1497C98EDA /* PBXTargetDependency */ = {
			isa = PBXTargetDependency;
			target = AEBA7D58DF69A40EB35738B5 /* MuseumGuide */;
			targetProxy = 6CB50AA406CBDF886AE44671 /* PBXContainerItemProxy */;
		};
/* End PBXTargetDependency section */

/* Begin XCBuildConfiguration section */
		2A7529D1EE32FF001451CA67 /* Debug */ = {
			isa = XCBuildConfiguration;
			buildSettings = {
				ALWAYS_SEARCH_USER_PATHS = NO;
				CLANG_ANALYZER_NONNULL = YES;
				CLANG_ANALYZER_NUMBER_OBJECT_CONVERSION = YES_AGGRESSIVE;
				CLANG_CXX_LANGUAGE_STANDARD = "gnu++14";
				CLANG_CXX_LIBRARY = "libc++";
				CLANG_ENABLE_MODULES = YES;
				CLANG_ENABLE_OBJC_ARC = YES;
				CLANG_ENABLE_OBJC_WEAK = YES;
				CLANG_WARN_BLOCK_CAPTURE_AUTORELEASING = YES;
				CLANG_WARN_BOOL_CONVERSION = YES;
				CLANG_WARN_COMMA = YES;
				CLANG_WARN_CONSTANT_CONVERSION = YES;
				CLANG_WARN_DEPRECATED_OBJC_IMPLEMENTATIONS = YES;
				CLANG_WARN_DIRECT_OBJC_ISA_USAGE = YES_ERROR;
				CLANG_WARN_DOCUMENTATION_COMMENTS = YES;
				CLANG_WARN_EMPTY_BODY = YES;
				CLANG_WARN_ENUM_CONVERSION = YES;
				CLANG_WARN_INFINITE_RECURSION = YES;
				CLANG_WARN_INT_CONVERSION = YES;
				CLANG_WARN_NON_LITERAL_NULL_CONVERSION = YES;
				CLANG_WARN_OBJC_IMPLICIT_RETAIN_SELF = YES;
				CLANG_WARN_OBJC_LITERAL_CONVERSION = YES;
				CLANG_WARN_OBJC_ROOT_CLASS = YES_ERROR;
				CLANG_WARN_QUOTED_INCLUDE_IN_FRAMEWORK_HEADER = YES;
				CLANG_WARN_RANGE_LOOP_ANALYSIS = YES;
				CLANG_WARN_STRICT_PROTOTYPES = YES;
				CLANG_WARN_SUSPICIOUS_MOVE = YES;
				CLANG_WARN_UNGUARDED_AVAILABILITY = YES_AGGRESSIVE;
				CLANG_WARN_UNREACHABLE_CODE = YES;
				CLANG_WARN__DUPLICATE_METHOD_MATCH = YES;
				CODE_SIGNING_ALLOWED = NO;
				CODE_SIGNING_REQUIRED = NO;
				CODE_SIGN_IDENTITY = "";
				CODE_SIGN_STYLE = Automatic;
				COPY_PHASE_STRIP = NO;
				DEBUG_INFORMATION_FORMAT = dwarf;
				DEVELOPMENT_TEAM = "";
				ENABLE_STRICT_OBJC_MSGSEND = YES;
				ENABLE_TESTABILITY = YES;
				ENABLE_USER_SCRIPT_SANDBOXING = NO;
				GCC_C_LANGUAGE_STANDARD = gnu11;
				GCC_DYNAMIC_NO_PIC = NO;
				GCC_NO_COMMON_BLOCKS = YES;
				GCC_OPTIMIZATION_LEVEL = 0;
				GCC_PREPROCESSOR_DEFINITIONS = (
					"$(inherited)",
					"DEBUG=1",
				);
				GCC_WARN_64_TO_32_BIT_CONVERSION = YES;
				GCC_WARN_ABOUT_RETURN_TYPE = YES_ERROR;
				GCC_WARN_UNDECLARED_SELECTOR = YES;
				GCC_WARN_UNINITIALIZED_AUTOS = YES_AGGRESSIVE;
				GCC_WARN_UNUSED_FUNCTION = YES;
				GCC_WARN_UNUSED_VARIABLE = YES;
				IPHONEOS_DEPLOYMENT_TARGET = 18.0;
				MTL_ENABLE_DEBUG_INFO = INCLUDE_SOURCE;
				MTL_FAST_MATH = YES;
				ONLY_ACTIVE_ARCH = YES;
				PRODUCT_NAME = "$(TARGET_NAME)";
				SDKROOT = iphoneos;
				SWIFT_ACTIVE_COMPILATION_CONDITIONS = DEBUG;
				SWIFT_OPTIMIZATION_LEVEL = "-Onone";
				SWIFT_VERSION = 5.0;
			};
			name = Debug;
		};
		433A4FB0EA77D527B8F5FD1C /* Release */ = {
			isa = XCBuildConfiguration;
			buildSettings = {
				ALWAYS_SEARCH_USER_PATHS = NO;
				CLANG_ANALYZER_NONNULL = YES;
				CLANG_ANALYZER_NUMBER_OBJECT_CONVERSION = YES_AGGRESSIVE;
				CLANG_CXX_LANGUAGE_STANDARD = "gnu++14";
				CLANG_CXX_LIBRARY = "libc++";
				CLANG_ENABLE_MODULES = YES;
				CLANG_ENABLE_OBJC_ARC = YES;
				CLANG_ENABLE_OBJC_WEAK = YES;
				CLANG_WARN_BLOCK_CAPTURE_AUTORELEASING = YES;
				CLANG_WARN_BOOL_CONVERSION = YES;
				CLANG_WARN_COMMA = YES;
				CLANG_WARN_CONSTANT_CONVERSION = YES;
				CLANG_WARN_DEPRECATED_OBJC_IMPLEMENTATIONS = YES;
				CLANG_WARN_DIRECT_OBJC_ISA_USAGE = YES_ERROR;
				CLANG_WARN_DOCUMENTATION_COMMENTS = YES;
				CLANG_WARN_EMPTY_BODY = YES;
				CLANG_WARN_ENUM_CONVERSION = YES;
				CLANG_WARN_INFINITE_RECURSION = YES;
				CLANG_WARN_INT_CONVERSION = YES;
				CLANG_WARN_NON_LITERAL_NULL_CONVERSION = YES;
				CLANG_WARN_OBJC_IMPLICIT_RETAIN_SELF = YES;
				CLANG_WARN_OBJC_LITERAL_CONVERSION = YES;
				CLANG_WARN_OBJC_ROOT_CLASS = YES_ERROR;
				CLANG_WARN_QUOTED_INCLUDE_IN_FRAMEWORK_HEADER = YES;
				CLANG_WARN_RANGE_LOOP_ANALYSIS = YES;
				CLANG_WARN_STRICT_PROTOTYPES = YES;
				CLANG_WARN_SUSPICIOUS_MOVE = YES;
				CLANG_WARN_UNGUARDED_AVAILABILITY = YES_AGGRESSIVE;
				CLANG_WARN_UNREACHABLE_CODE = YES;
				CLANG_WARN__DUPLICATE_METHOD_MATCH = YES;
				CODE_SIGNING_ALLOWED = NO;
				CODE_SIGNING_REQUIRED = NO;
				CODE_SIGN_IDENTITY = "";
				CODE_SIGN_STYLE = Automatic;
				COPY_PHASE_STRIP = NO;
				DEBUG_INFORMATION_FORMAT = "dwarf-with-dsym";
				DEVELOPMENT_TEAM = "";
				ENABLE_NS_ASSERTIONS = NO;
				ENABLE_STRICT_OBJC_MSGSEND = YES;
				ENABLE_USER_SCRIPT_SANDBOXING = NO;
				GCC_C_LANGUAGE_STANDARD = gnu11;
				GCC_NO_COMMON_BLOCKS = YES;
				GCC_WARN_64_TO_32_BIT_CONVERSION = YES;
				GCC_WARN_ABOUT_RETURN_TYPE = YES_ERROR;
				GCC_WARN_UNDECLARED_SELECTOR = YES;
				GCC_WARN_UNINITIALIZED_AUTOS = YES_AGGRESSIVE;
				GCC_WARN_UNUSED_FUNCTION = YES;
				GCC_WARN_UNUSED_VARIABLE = YES;
				IPHONEOS_DEPLOYMENT_TARGET = 18.0;
				MTL_ENABLE_DEBUG_INFO = NO;
				MTL_FAST_MATH = YES;
				PRODUCT_NAME = "$(TARGET_NAME)";
				SDKROOT = iphoneos;
				SWIFT_COMPILATION_MODE = wholemodule;
				SWIFT_OPTIMIZATION_LEVEL = "-O";
				SWIFT_VERSION = 5.0;
			};
			name = Release;
		};
		69AD1E0CD7B1AB5DCF02A5A8 /* Release */ = {
			isa = XCBuildConfiguration;
			buildSettings = {
				ASSETCATALOG_COMPILER_APPICON_NAME = AppIcon;
				ASSETCATALOG_COMPILER_GLOBAL_ACCENT_COLOR_NAME = AccentColor;
				CODE_SIGN_IDENTITY = "iPhone Developer";
				ENABLE_PREVIEWS = YES;
				GENERATE_INFOPLIST_FILE = NO;
				INFOPLIST_FILE = MuseumGuide/Info.plist;
				LD_RUNPATH_SEARCH_PATHS = (
					"$(inherited)",
					"@executable_path/Frameworks",
				);
				PRODUCT_BUNDLE_IDENTIFIER = com.museumguide.app;
				SDKROOT = iphoneos;
				SWIFT_EMIT_LOC_STRINGS = YES;
				TARGETED_DEVICE_FAMILY = "1,2";
			};
			name = Release;
		};
		7E6374A10D5098F0879F0C28 /* Debug */ = {
			isa = XCBuildConfiguration;
			buildSettings = {
				ASSETCATALOG_COMPILER_APPICON_NAME = AppIcon;
				ASSETCATALOG_COMPILER_GLOBAL_ACCENT_COLOR_NAME = AccentColor;
				CODE_SIGN_IDENTITY = "iPhone Developer";
				ENABLE_PREVIEWS = YES;
				GENERATE_INFOPLIST_FILE = NO;
				INFOPLIST_FILE = MuseumGuide/Info.plist;
				LD_RUNPATH_SEARCH_PATHS = (
					"$(inherited)",
					"@executable_path/Frameworks",
				);
				PRODUCT_BUNDLE_IDENTIFIER = com.museumguide.app;
				SDKROOT = iphoneos;
				SWIFT_EMIT_LOC_STRINGS = YES;
				TARGETED_DEVICE_FAMILY = "1,2";
			};
			name = Debug;
		};
		ABDA361605CD53C389A2E3D2 /* Debug */ = {
			isa = XCBuildConfiguration;
			buildSettings = {
				BUNDLE_LOADER = "$(TEST_HOST)";
				GENERATE_INFOPLIST_FILE = YES;
				LD_RUNPATH_SEARCH_PATHS = (
					"$(inherited)",
					"@executable_path/Frameworks",
					"@loader_path/Frameworks",
				);
				PRODUCT_BUNDLE_IDENTIFIER = com.museumguide.app.tests;
				SDKROOT = iphoneos;
				TARGETED_DEVICE_FAMILY = "1,2";
				TEST_HOST = "$(BUILT_PRODUCTS_DIR)/MuseumGuide.app/MuseumGuide";
			};
			name = Debug;
		};
		C1B45691F900C8A8EF35A29E /* Release */ = {
			isa = XCBuildConfiguration;
			buildSettings = {
				BUNDLE_LOADER = "$(TEST_HOST)";
				GENERATE_INFOPLIST_FILE = YES;
				LD_RUNPATH_SEARCH_PATHS = (
					"$(inherited)",
					"@executable_path/Frameworks",
					"@loader_path/Frameworks",
				);
				PRODUCT_BUNDLE_IDENTIFIER = com.museumguide.app.tests;
				SDKROOT = iphoneos;
				TARGETED_DEVICE_FAMILY = "1,2";
				TEST_HOST = "$(BUILT_PRODUCTS_DIR)/MuseumGuide.app/MuseumGuide";
			};
			name = Release;
		};
/* End XCBuildConfiguration section */

/* Begin XCConfigurationList section */
		3EE650FCBE012350FD0D260B /* Build configuration list for PBXNativeTarget "MuseumGuideTests" */ = {
			isa = XCConfigurationList;
			buildConfigurations = (
				ABDA361605CD53C389A2E3D2 /* Debug */,
				C1B45691F900C8A8EF35A29E /* Release */,
			);
			defaultConfigurationIsVisible = 0;
			defaultConfigurationName = Debug;
		};
		7C105C0ECF62C6078FCD23A8 /* Build configuration list for PBXProject "MuseumGuide" */ = {
			isa = XCConfigurationList;
			buildConfigurations = (
				2A7529D1EE32FF001451CA67 /* Debug */,
				433A4FB0EA77D527B8F5FD1C /* Release */,
			);
			defaultConfigurationIsVisible = 0;
			defaultConfigurationName = Debug;
		};
		8D5505A03BB4EA75F43920A6 /* Build configuration list for PBXNativeTarget "MuseumGuide" */ = {
			isa = XCConfigurationList;
			buildConfigurations = (
				7E6374A10D5098F0879F0C28 /* Debug */,
				69AD1E0CD7B1AB5DCF02A5A8 /* Release */,
			);
			defaultConfigurationIsVisible = 0;
			defaultConfigurationName = Debug;
		};
/* End XCConfigurationList section */
	};
	rootObject = A5B6A7E45C36409690AB086B /* Project object */;
}
